
Microsoft Visual Studio Solution File, Format Version 12.00
# Visual Studio 15
VisualStudioVersion = 15.0.27703.2026
MinimumVisualStudioVersion = 10.0.40219.1
Project("{FAE04EC0-301F-11D3-BF4B-00C04F79EFBC}") = "ActivityTracker", "ActivityTracker\ActivityTracker.csproj", "{226DFA7D-8891-44EF-862F-8061B327661B}"
EndProject
Global
	GlobalSection(SolutionConfigurationPlatforms) = preSolution
		Debug|Any CPU = Debug|Any CPU
		Release|Any CPU = Release|Any CPU
	EndGlobalSection
	GlobalSection(ProjectConfigurationPlatforms) = postSolution
		{226DFA7D-8891-44EF-862F-8061B327661B}.Debug|Any CPU.ActiveCfg = Debug|Any CPU
		{226DFA7D-8891-44EF-862F-8061B327661B}.Debug|Any CPU.Build.0 = Debug|Any CPU
		{226DFA7D-8891-44EF-862F-8061B327661B}.Release|Any CPU.ActiveCfg = Release|Any CPU
		{226DFA7D-8891-44EF-862F-8061B327661B}.Release|Any CPU.Build.0 = Release|Any CPU
	EndGlobalSection
	GlobalSection(SolutionProperties) = preSolution
		HideSolutionNode = FALSE
	EndGlobalSection
	GlobalSection(ExtensibilityGlobals) = postSolution
		SolutionGuid = {13852EDF-E799-432A-8C31-4CCB3E83D936}
	EndGlobalSection
EndGlobal
